
Microsoft Visual Studio Solution File, Format Version 12.00
# Visual Studio 15
VisualStudioVersion = 15.0.27004.2002
MinimumVisualStudioVersion = 10.0.40219.1
Project("{8BC9CEB8-8B4A-11D0-8D11-00A0C91BC942}") = "Lab 8.1.1 (1)", "Lab 8.1.1 (1)\Lab 8.1.1 (1).vcxproj", "{B2DE8096-A717-4271-812F-A6DF4898B0A9}"
EndProject
Global
	GlobalSection(SolutionConfigurationPlatforms) = preSolution
		Debug|x64 = Debug|x64
		Debug|x86 = Debug|x86
		Release|x64 = Release|x64
		Release|x86 = Release|x86
	EndGlobalSection
	GlobalSection(ProjectConfigurationPlatforms) = postSolution
		{B2DE8096-A717-4271-812F-A6DF4898B0A9}.Debug|x64.ActiveCfg = Debug|x64
		{B2DE8096-A717-4271-812F-A6DF4898B0A9}.Debug|x64.Build.0 = Debug|x64
		{B2DE8096-A717-4271-812F-A6DF4898B0A9}.Debug|x86.ActiveCfg = Debug|Win32
		{B2DE8096-A717-4271-812F-A6DF4898B0A9}.Debug|x86.Build.0 = Debug|Win32
		{B2DE8096-A717-4271-812F-A6DF4898B0A9}.Release|x64.ActiveCfg = Release|x64
		{B2DE8096-A717-4271-812F-A6DF4898B0A9}.Release|x64.Build.0 = Release|x64
		{B2DE8096-A717-4271-812F-A6DF4898B0A9}.Release|x86.ActiveCfg = Release|Win32
		{B2DE8096-A717-4271-812F-A6DF4898B0A9}.Release|x86.Build.0 = Release|Win32
	EndGlobalSection
	GlobalSection(SolutionProperties) = preSolution
		HideSolutionNode = FALSE
	EndGlobalSection
	GlobalSection(ExtensibilityGlobals) = postSolution
		SolutionGuid = {14751F24-AF3F-4F5F-AD59-6344D91E9AC5}
	EndGlobalSection
EndGlobal
